// !$*UTF8*$!
{
	archiveVersion = 1;
	classes = {
	};
	objectVersion = 77;
	objects = {

/* Begin PBXBuildFile section */
		05C8191A6E24D2B2D09256D1 /* LauncherSearchField.swift in Sources */ = {isa = PBXBuildFile; fileRef = 55A099A844B590130F3650B9 /* LauncherSearchField.swift */; };
		0810007FA5B829870EA59EEA /* LauncherUITests.swift in Sources */ = {isa = PBXBuildFile; fileRef = FC585299115FB38609AB5E20 /* LauncherUITests.swift */; };
		186A63C2A6DA9494480A3961 /* QuickLookController.swift in Sources */ = {isa = PBXBuildFile; fileRef = 8D368412C1CCFBA40D8AFCC0 /* QuickLookController.swift */; };
		22ED689DD4A63D715867FA8D /* LauncherModel.swift in Sources */ = {isa = PBXBuildFile; fileRef = 959701A99FA58E1D01A1DE54 /* LauncherModel.swift */; };
		24C3A77AA0CE567ED036B3AB /* ScriptTemplateTests.swift in Sources */ = {isa = PBXBuildFile; fileRef = 7DDD9C9CA91E8C5CB6FC2B07 /* ScriptTemplateTests.swift */; };
		2ECACD85B0177072B7F4FF3F /* LauncherView.swift in Sources */ = {isa = PBXBuildFile; fileRef = 78CA243E2DE30FA30AD048FA /* LauncherView.swift */; };
		5564804FBFF5BA3D4B05D5B7 /* LoginItemManager.swift in Sources */ = {isa = PBXBuildFile; fileRef = 6806BDFD401F2AFAD4D08BA8 /* LoginItemManager.swift */; };
		59A1721A35E0C1EEE87855AD /* ScriptMetadataParser.swift in Sources */ = {isa = PBXBuildFile; fileRef = E44077ACF2B963B94590B078 /* ScriptMetadataParser.swift */; };
		76F7B695F92592DF8586D322 /* ScriptTemplate.swift in Sources */ = {isa = PBXBuildFile; fileRef = 360EE4294641E5CDD2AACB69 /* ScriptTemplate.swift */; };
		779D9CC11716ADEF8468B29B /* CreateScriptView.swift in Sources */ = {isa = PBXBuildFile; fileRef = 75B0EA5492FD084DEF198FEC /* CreateScriptView.swift */; };
		7D6E6BF9A82239624C1F54CE /* ScriptCommandEditTests.swift in Sources */ = {isa = PBXBuildFile; fileRef = C2A28DE623FE74BB2FC56AC2 /* ScriptCommandEditTests.swift */; };
		857EB1F9255DB649E0E7E94C /* ScriptMetadataParserTests.swift in Sources */ = {isa = PBXBuildFile; fileRef = 5D41C41F97A80DE2EABF52CF /* ScriptMetadataParserTests.swift */; };
		9651113817F0E6389AF3D405 /* CalculatorEngine.swift in Sources */ = {isa = PBXBuildFile; fileRef = E5F0A3983DB48B1CC8A4AC98 /* CalculatorEngine.swift */; };
		97E205D4EEC7B758428B8969 /* LauncherSettings.swift in Sources */ = {isa = PBXBuildFile; fileRef = B8F840D5367FE63FF4EAA995 /* LauncherSettings.swift */; };
		99E3D069AC677C7055589DCD /* ProcessScriptRunnerTests.swift in Sources */ = {isa = PBXBuildFile; fileRef = 88B060740AADCCDCDAC4283A /* ProcessScriptRunnerTests.swift */; };
		A0D3DC0113EC2E5A8833DFEC /* ScriptCommandViews.swift in Sources */ = {isa = PBXBuildFile; fileRef = EAE88098541CEEB0A11C5D65 /* ScriptCommandViews.swift */; };
		A3E3543C17D485954CE5BB72 /* LauncherApp.swift in Sources */ = {isa = PBXBuildFile; fileRef = 66D6E805E68A65282B70E574 /* LauncherApp.swift */; };
		A3F2F7E5CD14A7BF2EBDF9F4 /* AppIcon.icns in Resources */ = {isa = PBXBuildFile; fileRef = 187433F6A367F18FCC448DDC /* AppIcon.icns */; };
		A444BCC42154ECB459D1C83E /* AppDelegate.swift in Sources */ = {isa = PBXBuildFile; fileRef = F98B7D65473A4DC5FBCD2992 /* AppDelegate.swift */; };
		A8C8B95305F600C55D72FB68 /* VisualEffectView.swift in Sources */ = {isa = PBXBuildFile; fileRef = 265DBA07B8910347D94016D1 /* VisualEffectView.swift */; };
		ACD761DEB815A677F35E18F6 /* LoginItemTests.swift in Sources */ = {isa = PBXBuildFile; fileRef = B8FF128CD13583C6368BA16A /* LoginItemTests.swift */; };
		ADE5E8B46E9CB62068D855E9 /* ScriptRunner.swift in Sources */ = {isa = PBXBuildFile; fileRef = C37CD42E041B06B18157EA04 /* ScriptRunner.swift */; };
		B0E04C68AD4A1E6D81EDE12D /* SearchMatcherTests.swift in Sources */ = {isa = PBXBuildFile; fileRef = EB1552D65C5E9701D5DBEDEA /* SearchMatcherTests.swift */; };
		B223CBCA95451CD251A56423 /* LauncherModelScriptTests.swift in Sources */ = {isa = PBXBuildFile; fileRef = 23A633A776AC0D79DECF9AD0 /* LauncherModelScriptTests.swift */; };
		BD6BD9970932CC4EB2352815 /* HotKeyRecorder.swift in Sources */ = {isa = PBXBuildFile; fileRef = 98FF4BD600895A550C41007B /* HotKeyRecorder.swift */; };
		C258D4BC938D6602BECC3542 /* LauncherItem.swift in Sources */ = {isa = PBXBuildFile; fileRef = 92E11DDA382BE4016522B31D /* LauncherItem.swift */; };
		C5523A53CF608771CE02846E /* SearchMatcher.swift in Sources */ = {isa = PBXBuildFile; fileRef = A3CD275177CC43FB2971B93F /* SearchMatcher.swift */; };
		C69615A275E99373C79150BD /* FileBrowserEngineTests.swift in Sources */ = {isa = PBXBuildFile; fileRef = 8ACA839D941EA5C60F07DFA0 /* FileBrowserEngineTests.swift */; };
		C6CA839AC30C9F5504501D57 /* FileBrowserViews.swift in Sources */ = {isa = PBXBuildFile; fileRef = 68DD0F140A6AA3E9FFE267AA /* FileBrowserViews.swift */; };
		CD6BBEEAD9F0A050F7117668 /* FileBrowserEngine.swift in Sources */ = {isa = PBXBuildFile; fileRef = 456F09D2CE2629861AA3F501 /* FileBrowserEngine.swift */; };
		D25355B6291F652BB5845034 /* ScriptCommand.swift in Sources */ = {isa = PBXBuildFile; fileRef = 2FA8646C1767994E168BA1B8 /* ScriptCommand.swift */; };
		D5F89921200598D3909B05B8 /* HotKeyTests.swift in Sources */ = {isa = PBXBuildFile; fileRef = 22FC720CE493F39081F98814 /* HotKeyTests.swift */; };
		E235CF759EFD12CED862899A /* ApplicationCatalog.swift in Sources */ = {isa = PBXBuildFile; fileRef = E1E6B80D5E0B5333313B4C27 /* ApplicationCatalog.swift */; };
		ECC4C2C41A5D0867547360C4 /* CalculatorEngineTests.swift in Sources */ = {isa = PBXBuildFile; fileRef = DD2385441792714C3385DD28 /* CalculatorEngineTests.swift */; };
		F00697F53BA583B20761C231 /* LauncherModelFileBrowserTests.swift in Sources */ = {isa = PBXBuildFile; fileRef = 8C8179AFAF0BE5421D6414F9 /* LauncherModelFileBrowserTests.swift */; };
		F249BBE16A79E212139415AA /* ScriptCommandCatalog.swift in Sources */ = {isa = PBXBuildFile; fileRef = E7BF84A9578FE25A2E5ECECF /* ScriptCommandCatalog.swift */; };
		F49E81393F20D2429524498C /* ScriptCommandCatalogTests.swift in Sources */ = {isa = PBXBuildFile; fileRef = 4C12D999401E6A23F3CF880E /* ScriptCommandCatalogTests.swift */; };
		FA3918A7AB103425A7188A7C /* HotKey.swift in Sources */ = {isa = PBXBuildFile; fileRef = A035320B669625CDA8270E83 /* HotKey.swift */; };
		FD1AA004E0BB22440E2A363F /* HotKeyManager.swift in Sources */ = {isa = PBXBuildFile; fileRef = 90295A2700AC7CD5C55F7BE8 /* HotKeyManager.swift */; };
/* End PBXBuildFile section */

/* Begin PBXContainerItemProxy section */
		191889828AE1E04AFC2997AB /* PBXContainerItemProxy */ = {
			isa = PBXContainerItemProxy;
			containerPortal = E4F391DA61B0612FDBF03A95 /* Project object */;
			proxyType = 1;
			remoteGlobalIDString = 6F9F89B36FDDF503539E2C95;
			remoteInfo = Launcher;
		};
		89F2DA33F8125F5B91E67F12 /* PBXContainerItemProxy */ = {
			isa = PBXContainerItemProxy;
			containerPortal = E4F391DA61B0612FDBF03A95 /* Project object */;
			proxyType = 1;
			remoteGlobalIDString = 6F9F89B36FDDF503539E2C95;
			remoteInfo = Launcher;
		};
/* End PBXContainerItemProxy section */

/* Begin PBXFileReference section */
		187433F6A367F18FCC448DDC /* AppIcon.icns */ = {isa = PBXFileReference; lastKnownFileType = image.icns; path = AppIcon.icns; sourceTree = "<group>"; };
		22FC720CE493F39081F98814 /* HotKeyTests.swift */ = {isa = PBXFileReference; lastKnownFileType = sourcecode.swift; path = HotKeyTests.swift; sourceTree = "<group>"; };
		23A633A776AC0D79DECF9AD0 /* LauncherModelScriptTests.swift */ = {isa = PBXFileReference; lastKnownFileType = sourcecode.swift; path = LauncherModelScriptTests.swift; sourceTree = "<group>"; };
		265DBA07B8910347D94016D1 /* VisualEffectView.swift */ = {isa = PBXFileReference; lastKnownFileType = sourcecode.swift; path = VisualEffectView.swift; sourceTree = "<group>"; };
		2DDD8EC1F69637F4635296DB /* Launcher.app */ = {isa = PBXFileReference; explicitFileType = wrapper.application; includeInIndex = 0; path = Launcher.app; sourceTree = BUILT_PRODUCTS_DIR; };
		2FA8646C1767994E168BA1B8 /* ScriptCommand.swift */ = {isa = PBXFileReference; lastKnownFileType = sourcecode.swift; path = ScriptCommand.swift; sourceTree = "<group>"; };
		360EE4294641E5CDD2AACB69 /* ScriptTemplate.swift */ = {isa = PBXFileReference; lastKnownFileType = sourcecode.swift; path = ScriptTemplate.swift; sourceTree = "<group>"; };
		456F09D2CE2629861AA3F501 /* FileBrowserEngine.swift */ = {isa = PBXFileReference; lastKnownFileType = sourcecode.swift; path = FileBrowserEngine.swift; sourceTree = "<group>"; };
		4C12D999401E6A23F3CF880E /* ScriptCommandCatalogTests.swift */ = {isa = PBXFileReference; lastKnownFileType = sourcecode.swift; path = ScriptCommandCatalogTests.swift; sourceTree = "<group>"; };
		55A099A844B590130F3650B9 /* LauncherSearchField.swift */ = {isa = PBXFileReference; lastKnownFileType = sourcecode.swift; path = LauncherSearchField.swift; sourceTree = "<group>"; };
		5D41C41F97A80DE2EABF52CF /* ScriptMetadataParserTests.swift */ = {isa = PBXFileReference; lastKnownFileType = sourcecode.swift; path = ScriptMetadataParserTests.swift; sourceTree = "<group>"; };
		66D6E805E68A65282B70E574 /* LauncherApp.swift */ = {isa = PBXFileReference; lastKnownFileType = sourcecode.swift; path = LauncherApp.swift; sourceTree = "<group>"; };
		6806BDFD401F2AFAD4D08BA8 /* LoginItemManager.swift */ = {isa = PBXFileReference; lastKnownFileType = sourcecode.swift; path = LoginItemManager.swift; sourceTree = "<group>"; };
		68DD0F140A6AA3E9FFE267AA /* FileBrowserViews.swift */ = {isa = PBXFileReference; lastKnownFileType = sourcecode.swift; path = FileBrowserViews.swift; sourceTree = "<group>"; };
		75B0EA5492FD084DEF198FEC /* CreateScriptView.swift */ = {isa = PBXFileReference; lastKnownFileType = sourcecode.swift; path = CreateScriptView.swift; sourceTree = "<group>"; };
		78CA243E2DE30FA30AD048FA /* LauncherView.swift */ = {isa = PBXFileReference; lastKnownFileType = sourcecode.swift; path = LauncherView.swift; sourceTree = "<group>"; };
		7DDD9C9CA91E8C5CB6FC2B07 /* ScriptTemplateTests.swift */ = {isa = PBXFileReference; lastKnownFileType = sourcecode.swift; path = ScriptTemplateTests.swift; sourceTree = "<group>"; };
		88B060740AADCCDCDAC4283A /* ProcessScriptRunnerTests.swift */ = {isa = PBXFileReference; lastKnownFileType = sourcecode.swift; path = ProcessScriptRunnerTests.swift; sourceTree = "<group>"; };
		8ACA839D941EA5C60F07DFA0 /* FileBrowserEngineTests.swift */ = {isa = PBXFileReference; lastKnownFileType = sourcecode.swift; path = FileBrowserEngineTests.swift; sourceTree = "<group>"; };
		8C8179AFAF0BE5421D6414F9 /* LauncherModelFileBrowserTests.swift */ = {isa = PBXFileReference; lastKnownFileType = sourcecode.swift; path = LauncherModelFileBrowserTests.swift; sourceTree = "<group>"; };
		8D368412C1CCFBA40D8AFCC0 /* QuickLookController.swift */ = {isa = PBXFileReference; lastKnownFileType = sourcecode.swift; path = QuickLookController.swift; sourceTree = "<group>"; };
		90295A2700AC7CD5C55F7BE8 /* HotKeyManager.swift */ = {isa = PBXFileReference; lastKnownFileType = sourcecode.swift; path = HotKeyManager.swift; sourceTree = "<group>"; };
		92E11DDA382BE4016522B31D /* LauncherItem.swift */ = {isa = PBXFileReference; lastKnownFileType = sourcecode.swift; path = LauncherItem.swift; sourceTree = "<group>"; };
		959701A99FA58E1D01A1DE54 /* LauncherModel.swift */ = {isa = PBXFileReference; lastKnownFileType = sourcecode.swift; path = LauncherModel.swift; sourceTree = "<group>"; };
		98FF4BD600895A550C41007B /* HotKeyRecorder.swift */ = {isa = PBXFileReference; lastKnownFileType = sourcecode.swift; path = HotKeyRecorder.swift; sourceTree = "<group>"; };
		A035320B669625CDA8270E83 /* HotKey.swift */ = {isa = PBXFileReference; lastKnownFileType = sourcecode.swift; path = HotKey.swift; sourceTree = "<group>"; };
		A3CD275177CC43FB2971B93F /* SearchMatcher.swift */ = {isa = PBXFileReference; lastKnownFileType = sourcecode.swift; path = SearchMatcher.swift; sourceTree = "<group>"; };
		A7687ECD124A9C4AB58CDE5B /* LauncherUITests.xctest */ = {isa = PBXFileReference; explicitFileType = wrapper.cfbundle; includeInIndex = 0; path = LauncherUITests.xctest; sourceTree = BUILT_PRODUCTS_DIR; };
		B75165610075AD476946FC54 /* LauncherTests.xctest */ = {isa = PBXFileReference; explicitFileType = wrapper.cfbundle; includeInIndex = 0; path = LauncherTests.xctest; sourceTree = BUILT_PRODUCTS_DIR; };
		B8F840D5367FE63FF4EAA995 /* LauncherSettings.swift */ = {isa = PBXFileReference; lastKnownFileType = sourcecode.swift; path = LauncherSettings.swift; sourceTree = "<group>"; };
		B8FF128CD13583C6368BA16A /* LoginItemTests.swift */ = {isa = PBXFileReference; lastKnownFileType = sourcecode.swift; path = LoginItemTests.swift; sourceTree = "<group>"; };
		C2A28DE623FE74BB2FC56AC2 /* ScriptCommandEditTests.swift */ = {isa = PBXFileReference; lastKnownFileType = sourcecode.swift; path = ScriptCommandEditTests.swift; sourceTree = "<group>"; };
		C37CD42E041B06B18157EA04 /* ScriptRunner.swift */ = {isa = PBXFileReference; lastKnownFileType = sourcecode.swift; path = ScriptRunner.swift; sourceTree = "<group>"; };
		DD2385441792714C3385DD28 /* CalculatorEngineTests.swift */ = {isa = PBXFileReference; lastKnownFileType = sourcecode.swift; path = CalculatorEngineTests.swift; sourceTree = "<group>"; };
		E1E6B80D5E0B5333313B4C27 /* ApplicationCatalog.swift */ = {isa = PBXFileReference; lastKnownFileType = sourcecode.swift; path = ApplicationCatalog.swift; sourceTree = "<group>"; };
		E44077ACF2B963B94590B078 /* ScriptMetadataParser.swift */ = {isa = PBXFileReference; lastKnownFileType = sourcecode.swift; path = ScriptMetadataParser.swift; sourceTree = "<group>"; };
		E5F0A3983DB48B1CC8A4AC98 /* CalculatorEngine.swift */ = {isa = PBXFileReference; lastKnownFileType = sourcecode.swift; path = CalculatorEngine.swift; sourceTree = "<group>"; };
		E7BF84A9578FE25A2E5ECECF /* ScriptCommandCatalog.swift */ = {isa = PBXFileReference; lastKnownFileType = sourcecode.swift; path = ScriptCommandCatalog.swift; sourceTree = "<group>"; };
		EAE88098541CEEB0A11C5D65 /* ScriptCommandViews.swift */ = {isa = PBXFileReference; lastKnownFileType = sourcecode.swift; path = ScriptCommandViews.swift; sourceTree = "<group>"; };
		EB1552D65C5E9701D5DBEDEA /* SearchMatcherTests.swift */ = {isa = PBXFileReference; lastKnownFileType = sourcecode.swift; path = SearchMatcherTests.swift; sourceTree = "<group>"; };
		F98B7D65473A4DC5FBCD2992 /* AppDelegate.swift */ = {isa = PBXFileReference; lastKnownFileType = sourcecode.swift; path = AppDelegate.swift; sourceTree = "<group>"; };
		FC585299115FB38609AB5E20 /* LauncherUITests.swift */ = {isa = PBXFileReference; lastKnownFileType = sourcecode.swift; path = LauncherUITests.swift; sourceTree = "<group>"; };
/* End PBXFileReference section */

/* Begin PBXGroup section */
		2C538A3FBBA28857E1C3B76B = {
			isa = PBXGroup;
			children = (
				EAAE6501CDF1E24DF07A4A7E /* Resources */,
				C48FD3147EF50C53E6B14FBB /* Sources */,
				601B0246C1753D21833CE72C /* Tests */,
				E1CCF1576335D8ACA35843F3 /* Products */,
			);
			sourceTree = "<group>";
		};
		601B0246C1753D21833CE72C /* Tests */ = {
			isa = PBXGroup;
			children = (
				6551545E0AD4A1654B5C28F1 /* LauncherTests */,
				6FA9AD7BA9976BF1F4BFC238 /* LauncherUITests */,
			);
			path = Tests;
			sourceTree = "<group>";
		};
		6551545E0AD4A1654B5C28F1 /* LauncherTests */ = {
			isa = PBXGroup;
			children = (
				DD2385441792714C3385DD28 /* CalculatorEngineTests.swift */,
				8ACA839D941EA5C60F07DFA0 /* FileBrowserEngineTests.swift */,
				22FC720CE493F39081F98814 /* HotKeyTests.swift */,
				8C8179AFAF0BE5421D6414F9 /* LauncherModelFileBrowserTests.swift */,
				23A633A776AC0D79DECF9AD0 /* LauncherModelScriptTests.swift */,
				B8FF128CD13583C6368BA16A /* LoginItemTests.swift */,
				88B060740AADCCDCDAC4283A /* ProcessScriptRunnerTests.swift */,
				4C12D999401E6A23F3CF880E /* ScriptCommandCatalogTests.swift */,
				C2A28DE623FE74BB2FC56AC2 /* ScriptCommandEditTests.swift */,
				5D41C41F97A80DE2EABF52CF /* ScriptMetadataParserTests.swift */,
				7DDD9C9CA91E8C5CB6FC2B07 /* ScriptTemplateTests.swift */,
				EB1552D65C5E9701D5DBEDEA /* SearchMatcherTests.swift */,
			);
			path = LauncherTests;
			sourceTree = "<group>";
		};
		6D8F9A8327430CD1D5A4B0BC /* Views */ = {
			isa = PBXGroup;
			children = (
				75B0EA5492FD084DEF198FEC /* CreateScriptView.swift */,
				68DD0F140A6AA3E9FFE267AA /* FileBrowserViews.swift */,
				98FF4BD600895A550C41007B /* HotKeyRecorder.swift */,
				55A099A844B590130F3650B9 /* LauncherSearchField.swift */,
				78CA243E2DE30FA30AD048FA /* LauncherView.swift */,
				EAE88098541CEEB0A11C5D65 /* ScriptCommandViews.swift */,
				265DBA07B8910347D94016D1 /* VisualEffectView.swift */,
			);
			path = Views;
			sourceTree = "<group>";
		};
		6FA9AD7BA9976BF1F4BFC238 /* LauncherUITests */ = {
			isa = PBXGroup;
			children = (
				FC585299115FB38609AB5E20 /* LauncherUITests.swift */,
			);
			path = LauncherUITests;
			sourceTree = "<group>";
		};
		C3DE9613EB24730493FC2CF4 /* Services */ = {
			isa = PBXGroup;
			children = (
				E1E6B80D5E0B5333313B4C27 /* ApplicationCatalog.swift */,
				E5F0A3983DB48B1CC8A4AC98 /* CalculatorEngine.swift */,
				456F09D2CE2629861AA3F501 /* FileBrowserEngine.swift */,
				90295A2700AC7CD5C55F7BE8 /* HotKeyManager.swift */,
				6806BDFD401F2AFAD4D08BA8 /* LoginItemManager.swift */,
				8D368412C1CCFBA40D8AFCC0 /* QuickLookController.swift */,
				E7BF84A9578FE25A2E5ECECF /* ScriptCommandCatalog.swift */,
				E44077ACF2B963B94590B078 /* ScriptMetadataParser.swift */,
				C37CD42E041B06B18157EA04 /* ScriptRunner.swift */,
				360EE4294641E5CDD2AACB69 /* ScriptTemplate.swift */,
				A3CD275177CC43FB2971B93F /* SearchMatcher.swift */,
			);
			path = Services;
			sourceTree = "<group>";
		};
		C48FD3147EF50C53E6B14FBB /* Sources */ = {
			isa = PBXGroup;
			children = (
				E0F40FEE7FA298EE7A207295 /* Launcher */,
			);
			path = Sources;
			sourceTree = "<group>";
		};
		E0F40FEE7FA298EE7A207295 /* Launcher */ = {
			isa = PBXGroup;
			children = (
				F98B7D65473A4DC5FBCD2992 /* AppDelegate.swift */,
				66D6E805E68A65282B70E574 /* LauncherApp.swift */,
				EBF6E64FE8DD31E483D284B4 /* Models */,
				C3DE9613EB24730493FC2CF4 /* Services */,
				E4591253C2FE763BCAAA1056 /* ViewModels */,
				6D8F9A8327430CD1D5A4B0BC /* Views */,
			);
			path = Launcher;
			sourceTree = "<group>";
		};
		E1CCF1576335D8ACA35843F3 /* Products */ = {
			isa = PBXGroup;
			children = (
				2DDD8EC1F69637F4635296DB /* Launcher.app */,
				B75165610075AD476946FC54 /* LauncherTests.xctest */,
				A7687ECD124A9C4AB58CDE5B /* LauncherUITests.xctest */,
			);
			name = Products;
			sourceTree = "<group>";
		};
		E4591253C2FE763BCAAA1056 /* ViewModels */ = {
			isa = PBXGroup;
			children = (
				959701A99FA58E1D01A1DE54 /* LauncherModel.swift */,
			);
			path = ViewModels;
			sourceTree = "<group>";
		};
		EAAE6501CDF1E24DF07A4A7E /* Resources */ = {
			isa = PBXGroup;
			children = (
				187433F6A367F18FCC448DDC /* AppIcon.icns */,
			);
			path = Resources;
			sourceTree = "<group>";
		};
		EBF6E64FE8DD31E483D284B4 /* Models */ = {
			isa = PBXGroup;
			children = (
				A035320B669625CDA8270E83 /* HotKey.swift */,
				92E11DDA382BE4016522B31D /* LauncherItem.swift */,
				B8F840D5367FE63FF4EAA995 /* LauncherSettings.swift */,
				2FA8646C1767994E168BA1B8 /* ScriptCommand.swift */,
			);
			path = Models;
			sourceTree = "<group>";
		};
/* End PBXGroup section */

/* Begin PBXNativeTarget section */
		0F6E5FAB2DB280C9BC73CC5F /* LauncherUITests */ = {
			isa = PBXNativeTarget;
			buildConfigurationList = 51D843AEC1B3AA8378285E44 /* Build configuration list for PBXNativeTarget "LauncherUITests" */;
			buildPhases = (
				416F0A723FCBDCA01DE72040 /* Sources */,
			);
			buildRules = (
			);
			dependencies = (
				724497BF569823CC5381DDA9 /* PBXTargetDependency */,
			);
			name = LauncherUITests;
			packageProductDependencies = (
			);
			productName = LauncherUITests;
			productReference = A7687ECD124A9C4AB58CDE5B /* LauncherUITests.xctest */;
			productType = "com.apple.product-type.bundle.ui-testing";
		};
		5993B573F509F1F8707EE48A /* LauncherTests */ = {
			isa = PBXNativeTarget;
			buildConfigurationList = 4BC17BEBE460700731584CEB /* Build configuration list for PBXNativeTarget "LauncherTests" */;
			buildPhases = (
				EB4C9538A19BA7A019D9AB06 /* Sources */,
			);
			buildRules = (
			);
			dependencies = (
				9048590D001D1EF353784BDB /* PBXTargetDependency */,
			);
			name = LauncherTests;
			packageProductDependencies = (
			);
			productName = LauncherTests;
			productReference = B75165610075AD476946FC54 /* LauncherTests.xctest */;
			productType = "com.apple.product-type.bundle.unit-test";
		};
		6F9F89B36FDDF503539E2C95 /* Launcher */ = {
			isa = PBXNativeTarget;
			buildConfigurationList = 9326841A41DA4DB91FE20E68 /* Build configuration list for PBXNativeTarget "Launcher" */;
			buildPhases = (
				9F330B85037F2145AB79B845 /* Sources */,
				F5897A57B7E91A053961C825 /* Resources */,
			);
			buildRules = (
			);
			dependencies = (
			);
			name = Launcher;
			packageProductDependencies = (
			);
			productName = Launcher;
			productReference = 2DDD8EC1F69637F4635296DB /* Launcher.app */;
			productType = "com.apple.product-type.application";
		};
/* End PBXNativeTarget section */

/* Begin PBXProject section */
		E4F391DA61B0612FDBF03A95 /* Project object */ = {
			isa = PBXProject;
			attributes = {
				BuildIndependentTargetsInParallel = YES;
				LastUpgradeCheck = 2700;
				TargetAttributes = {
					0F6E5FAB2DB280C9BC73CC5F = {
						ProvisioningStyle = Manual;
						TestTargetID = 6F9F89B36FDDF503539E2C95;
					};
					5993B573F509F1F8707EE48A = {
						ProvisioningStyle = Manual;
					};
					6F9F89B36FDDF503539E2C95 = {
						ProvisioningStyle = Manual;
					};
				};
			};
			buildConfigurationList = 42A1B15EDB114EE5A50898E4 /* Build configuration list for PBXProject "Launcher" */;
			developmentRegion = en;
			hasScannedForEncodings = 0;
			knownRegions = (
				Base,
				en,
			);
			mainGroup = 2C538A3FBBA28857E1C3B76B;
			minimizedProjectReferenceProxies = 1;
			preferredProjectObjectVersion = 77;
			productRefGroup = E1CCF1576335D8ACA35843F3 /* Products */;
			projectDirPath = "";
			projectRoot = "";
			targets = (
				6F9F89B36FDDF503539E2C95 /* Launcher */,
				5993B573F509F1F8707EE48A /* LauncherTests */,
				0F6E5FAB2DB280C9BC73CC5F /* LauncherUITests */,
			);
		};
/* End PBXProject section */

/* Begin PBXResourcesBuildPhase section */
		F5897A57B7E91A053961C825 /* Resources */ = {
			isa = PBXResourcesBuildPhase;
			buildActionMask = 2147483647;
			files = (
				A3F2F7E5CD14A7BF2EBDF9F4 /* AppIcon.icns in Resources */,
			);
			runOnlyForDeploymentPostprocessing = 0;
		};
/* End PBXResourcesBuildPhase section */

/* Begin PBXSourcesBuildPhase section */
		416F0A723FCBDCA01DE72040 /* Sources */ = {
			isa = PBXSourcesBuildPhase;
			buildActionMask = 2147483647;
			files = (
				0810007FA5B829870EA59EEA /* LauncherUITests.swift in Sources */,
			);
			runOnlyForDeploymentPostprocessing = 0;
		};
		9F330B85037F2145AB79B845 /* Sources */ = {
			isa = PBXSourcesBuildPhase;
			buildActionMask = 2147483647;
			files = (
				A444BCC42154ECB459D1C83E /* AppDelegate.swift in Sources */,
				E235CF759EFD12CED862899A /* ApplicationCatalog.swift in Sources */,
				9651113817F0E6389AF3D405 /* CalculatorEngine.swift in Sources */,
				779D9CC11716ADEF8468B29B /* CreateScriptView.swift in Sources */,
				CD6BBEEAD9F0A050F7117668 /* FileBrowserEngine.swift in Sources */,
				C6CA839AC30C9F5504501D57 /* FileBrowserViews.swift in Sources */,
				FA3918A7AB103425A7188A7C /* HotKey.swift in Sources */,
				FD1AA004E0BB22440E2A363F /* HotKeyManager.swift in Sources */,
				BD6BD9970932CC4EB2352815 /* HotKeyRecorder.swift in Sources */,
				A3E3543C17D485954CE5BB72 /* LauncherApp.swift in Sources */,
				C258D4BC938D6602BECC3542 /* LauncherItem.swift in Sources */,
				22ED689DD4A63D715867FA8D /* LauncherModel.swift in Sources */,
				05C8191A6E24D2B2D09256D1 /* LauncherSearchField.swift in Sources */,
				97E205D4EEC7B758428B8969 /* LauncherSettings.swift in Sources */,
				2ECACD85B0177072B7F4FF3F /* LauncherView.swift in Sources */,
				5564804FBFF5BA3D4B05D5B7 /* LoginItemManager.swift in Sources */,
				186A63C2A6DA9494480A3961 /* QuickLookController.swift in Sources */,
				D25355B6291F652BB5845034 /* ScriptCommand.swift in Sources */,
				F249BBE16A79E212139415AA /* ScriptCommandCatalog.swift in Sources */,
				A0D3DC0113EC2E5A8833DFEC /* ScriptCommandViews.swift in Sources */,
				59A1721A35E0C1EEE87855AD /* ScriptMetadataParser.swift in Sources */,
				ADE5E8B46E9CB62068D855E9 /* ScriptRunner.swift in Sources */,
				76F7B695F92592DF8586D322 /* ScriptTemplate.swift in Sources */,
				C5523A53CF608771CE02846E /* SearchMatcher.swift in Sources */,
				A8C8B95305F600C55D72FB68 /* VisualEffectView.swift in Sources */,
			);
			runOnlyForDeploymentPostprocessing = 0;
		};
		EB4C9538A19BA7A019D9AB06 /* Sources */ = {
			isa = PBXSourcesBuildPhase;
			buildActionMask = 2147483647;
			files = (
				ECC4C2C41A5D0867547360C4 /* CalculatorEngineTests.swift in Sources */,
				C69615A275E99373C79150BD /* FileBrowserEngineTests.swift in Sources */,
				D5F89921200598D3909B05B8 /* HotKeyTests.swift in Sources */,
				F00697F53BA583B20761C231 /* LauncherModelFileBrowserTests.swift in Sources */,
				B223CBCA95451CD251A56423 /* LauncherModelScriptTests.swift in Sources */,
				ACD761DEB815A677F35E18F6 /* LoginItemTests.swift in Sources */,
				99E3D069AC677C7055589DCD /* ProcessScriptRunnerTests.swift in Sources */,
				F49E81393F20D2429524498C /* ScriptCommandCatalogTests.swift in Sources */,
				7D6E6BF9A82239624C1F54CE /* ScriptCommandEditTests.swift in Sources */,
				857EB1F9255DB649E0E7E94C /* ScriptMetadataParserTests.swift in Sources */,
				24C3A77AA0CE567ED036B3AB /* ScriptTemplateTests.swift in Sources */,
				B0E04C68AD4A1E6D81EDE12D /* SearchMatcherTests.swift in Sources */,
			);
			runOnlyForDeploymentPostprocessing = 0;
		};
/* End PBXSourcesBuildPhase section */

/* Begin PBXTargetDependency section */
		724497BF569823CC5381DDA9 /* PBXTargetDependency */ = {
			isa = PBXTargetDependency;
			target = 6F9F89B36FDDF503539E2C95 /* Launcher */;
			targetProxy = 89F2DA33F8125F5B91E67F12 /* PBXContainerItemProxy */;
		};
		9048590D001D1EF353784BDB /* PBXTargetDependency */ = {
			isa = PBXTargetDependency;
			target = 6F9F89B36FDDF503539E2C95 /* Launcher */;
			targetProxy = 191889828AE1E04AFC2997AB /* PBXContainerItemProxy */;
		};
/* End PBXTargetDependency section */

/* Begin XCBuildConfiguration section */
		0994DF494892C33F37AEC454 /* Debug */ = {
			isa = XCBuildConfiguration;
			buildSettings = {
				BUNDLE_LOADER = "$(TEST_HOST)";
				COMBINE_HIDPI_IMAGES = YES;
				GENERATE_INFOPLIST_FILE = YES;
				LD_RUNPATH_SEARCH_PATHS = (
					"$(inherited)",
					"@executable_path/Frameworks",
					"@loader_path/Frameworks",
				);
				PRODUCT_BUNDLE_IDENTIFIER = com.stevemurr.LauncherUITests;
				SDKROOT = macosx;
				TEST_TARGET_NAME = Launcher;
			};
			name = Debug;
		};
		1FB8E526CFE6F8F79DB09FAE /* Release */ = {
			isa = XCBuildConfiguration;
			buildSettings = {
				ASSETCATALOG_COMPILER_APPICON_NAME = AppIcon;
				COMBINE_HIDPI_IMAGES = YES;
				INFOPLIST_FILE = Resources/Info.plist;
				LD_RUNPATH_SEARCH_PATHS = (
					"$(inherited)",
					"@executable_path/../Frameworks",
				);
				PRODUCT_BUNDLE_IDENTIFIER = com.stevemurr.Launcher;
				PRODUCT_NAME = Launcher;
				SDKROOT = macosx;
				SWIFT_EMIT_LOC_STRINGS = NO;
			};
			name = Release;
		};
		341A95B9793F3EABC69CB2F1 /* Debug */ = {
			isa = XCBuildConfiguration;
			buildSettings = {
				BUNDLE_LOADER = "$(TEST_HOST)";
				COMBINE_HIDPI_IMAGES = YES;
				GENERATE_INFOPLIST_FILE = YES;
				LD_RUNPATH_SEARCH_PATHS = (
					"$(inherited)",
					"@executable_path/../Frameworks",
					"@loader_path/../Frameworks",
				);
				PRODUCT_BUNDLE_IDENTIFIER = com.stevemurr.LauncherTests;
				SDKROOT = macosx;
				TEST_HOST = "$(BUILT_PRODUCTS_DIR)/Launcher.app/Contents/MacOS/Launcher";
			};
			name = Debug;
		};
		524B642317FFBE0FAC42EB97 /* Release */ = {
			isa = XCBuildConfiguration;
			buildSettings = {
				BUNDLE_LOADER = "$(TEST_HOST)";
				COMBINE_HIDPI_IMAGES = YES;
				GENERATE_INFOPLIST_FILE = YES;
				LD_RUNPATH_SEARCH_PATHS = (
					"$(inherited)",
					"@executable_path/../Frameworks",
					"@loader_path/../Frameworks",
				);
				PRODUCT_BUNDLE_IDENTIFIER = com.stevemurr.LauncherTests;
				SDKROOT = macosx;
				TEST_HOST = "$(BUILT_PRODUCTS_DIR)/Launcher.app/Contents/MacOS/Launcher";
			};
			name = Release;
		};
		53F6711FD6D355E6792D47DD /* Release */ = {
			isa = XCBuildConfiguration;
			buildSettings = {
				BUNDLE_LOADER = "$(TEST_HOST)";
				COMBINE_HIDPI_IMAGES = YES;
				GENERATE_INFOPLIST_FILE = YES;
				LD_RUNPATH_SEARCH_PATHS = (
					"$(inherited)",
					"@executable_path/Frameworks",
					"@loader_path/Frameworks",
				);
				PRODUCT_BUNDLE_IDENTIFIER = com.stevemurr.LauncherUITests;
				SDKROOT = macosx;
				TEST_TARGET_NAME = Launcher;
			};
			name = Release;
		};
		C3017D820FA3B4D8479CCE5F /* Debug */ = {
			isa = XCBuildConfiguration;
			buildSettings = {
				ALWAYS_SEARCH_USER_PATHS = NO;
				CLANG_ANALYZER_NONNULL = YES;
				CLANG_ANALYZER_NUMBER_OBJECT_CONVERSION = YES_AGGRESSIVE;
				CLANG_CXX_LANGUAGE_STANDARD = "gnu++14";
				CLANG_CXX_LIBRARY = "libc++";
				CLANG_ENABLE_MODULES = YES;
				CLANG_ENABLE_OBJC_ARC = YES;
				CLANG_ENABLE_OBJC_WEAK = YES;
				CLANG_WARN_BLOCK_CAPTURE_AUTORELEASING = YES;
				CLANG_WARN_BOOL_CONVERSION = YES;
				CLANG_WARN_COMMA = YES;
				CLANG_WARN_CONSTANT_CONVERSION = YES;
				CLANG_WARN_DEPRECATED_OBJC_IMPLEMENTATIONS = YES;
				CLANG_WARN_DIRECT_OBJC_ISA_USAGE = YES_ERROR;
				CLANG_WARN_DOCUMENTATION_COMMENTS = YES;
				CLANG_WARN_EMPTY_BODY = YES;
				CLANG_WARN_ENUM_CONVERSION = YES;
				CLANG_WARN_INFINITE_RECURSION = YES;
				CLANG_WARN_INT_CONVERSION = YES;
				CLANG_WARN_NON_LITERAL_NULL_CONVERSION = YES;
				CLANG_WARN_OBJC_IMPLICIT_RETAIN_SELF = YES;
				CLANG_WARN_OBJC_LITERAL_CONVERSION = YES;
				CLANG_WARN_OBJC_ROOT_CLASS = YES_ERROR;
				CLANG_WARN_QUOTED_INCLUDE_IN_FRAMEWORK_HEADER = YES;
				CLANG_WARN_RANGE_LOOP_ANALYSIS = YES;
				CLANG_WARN_STRICT_PROTOTYPES = YES;
				CLANG_WARN_SUSPICIOUS_MOVE = YES;
				CLANG_WARN_UNGUARDED_AVAILABILITY = YES_AGGRESSIVE;
				CLANG_WARN_UNREACHABLE_CODE = YES;
				CLANG_WARN__DUPLICATE_METHOD_MATCH = YES;
				CODE_SIGN_IDENTITY = "-";
				CODE_SIGN_STYLE = Manual;
				COPY_PHASE_STRIP = NO;
				DEBUG_INFORMATION_FORMAT = dwarf;
				ENABLE_HARDENED_RUNTIME = NO;
				ENABLE_STRICT_OBJC_MSGSEND = YES;
				ENABLE_TESTABILITY = YES;
				GCC_C_LANGUAGE_STANDARD = gnu11;
				GCC_DYNAMIC_NO_PIC = NO;
				GCC_NO_COMMON_BLOCKS = YES;
				GCC_OPTIMIZATION_LEVEL = 0;
				GCC_PREPROCESSOR_DEFINITIONS = (
					"$(inherited)",
					"DEBUG=1",
				);
				GCC_WARN_64_TO_32_BIT_CONVERSION = YES;
				GCC_WARN_ABOUT_RETURN_TYPE = YES_ERROR;
				GCC_WARN_UNDECLARED_SELECTOR = YES;
				GCC_WARN_UNINITIALIZED_AUTOS = YES_AGGRESSIVE;
				GCC_WARN_UNUSED_FUNCTION = YES;
				GCC_WARN_UNUSED_VARIABLE = YES;
				MACOSX_DEPLOYMENT_TARGET = 14.0;
				MTL_ENABLE_DEBUG_INFO = INCLUDE_SOURCE;
				MTL_FAST_MATH = YES;
				ONLY_ACTIVE_ARCH = YES;
				PRODUCT_NAME = "$(TARGET_NAME)";
				SDKROOT = macosx;
				SWIFT_ACTIVE_COMPILATION_CONDITIONS = DEBUG;
				SWIFT_OPTIMIZATION_LEVEL = "-Onone";
				SWIFT_VERSION = 5.0;
			};
			name = Debug;
		};
		C3ECA683330E8F9762FA25E0 /* Debug */ = {
			isa = XCBuildConfiguration;
			buildSettings = {
				ASSETCATALOG_COMPILER_APPICON_NAME = AppIcon;
				COMBINE_HIDPI_IMAGES = YES;
				INFOPLIST_FILE = Resources/Info.plist;
				LD_RUNPATH_SEARCH_PATHS = (
					"$(inherited)",
					"@executable_path/../Frameworks",
				);
				PRODUCT_BUNDLE_IDENTIFIER = com.stevemurr.Launcher;
				PRODUCT_NAME = Launcher;
				SDKROOT = macosx;
				SWIFT_EMIT_LOC_STRINGS = NO;
			};
			name = Debug;
		};
		C9658F4120D66F5D1FCA7770 /* Release */ = {
			isa = XCBuildConfiguration;
			buildSettings = {
				ALWAYS_SEARCH_USER_PATHS = NO;
				CLANG_ANALYZER_NONNULL = YES;
				CLANG_ANALYZER_NUMBER_OBJECT_CONVERSION = YES_AGGRESSIVE;
				CLANG_CXX_LANGUAGE_STANDARD = "gnu++14";
				CLANG_CXX_LIBRARY = "libc++";
				CLANG_ENABLE_MODULES = YES;
				CLANG_ENABLE_OBJC_ARC = YES;
				CLANG_ENABLE_OBJC_WEAK = YES;
				CLANG_WARN_BLOCK_CAPTURE_AUTORELEASING = YES;
				CLANG_WARN_BOOL_CONVERSION = YES;
				CLANG_WARN_COMMA = YES;
				CLANG_WARN_CONSTANT_CONVERSION = YES;
				CLANG_WARN_DEPRECATED_OBJC_IMPLEMENTATIONS = YES;
				CLANG_WARN_DIRECT_OBJC_ISA_USAGE = YES_ERROR;
				CLANG_WARN_DOCUMENTATION_COMMENTS = YES;
				CLANG_WARN_EMPTY_BODY = YES;
				CLANG_WARN_ENUM_CONVERSION = YES;
				CLANG_WARN_INFINITE_RECURSION = YES;
				CLANG_WARN_INT_CONVERSION = YES;
				CLANG_WARN_NON_LITERAL_NULL_CONVERSION = YES;
				CLANG_WARN_OBJC_IMPLICIT_RETAIN_SELF = YES;
				CLANG_WARN_OBJC_LITERAL_CONVERSION = YES;
				CLANG_WARN_OBJC_ROOT_CLASS = YES_ERROR;
				CLANG_WARN_QUOTED_INCLUDE_IN_FRAMEWORK_HEADER = YES;
				CLANG_WARN_RANGE_LOOP_ANALYSIS = YES;
				CLANG_WARN_STRICT_PROTOTYPES = YES;
				CLANG_WARN_SUSPICIOUS_MOVE = YES;
				CLANG_WARN_UNGUARDED_AVAILABILITY = YES_AGGRESSIVE;
				CLANG_WARN_UNREACHABLE_CODE = YES;
				CLANG_WARN__DUPLICATE_METHOD_MATCH = YES;
				CODE_SIGN_IDENTITY = "-";
				CODE_SIGN_STYLE = Manual;
				COPY_PHASE_STRIP = NO;
				DEBUG_INFORMATION_FORMAT = "dwarf-with-dsym";
				ENABLE_HARDENED_RUNTIME = NO;
				ENABLE_NS_ASSERTIONS = NO;
				ENABLE_STRICT_OBJC_MSGSEND = YES;
				GCC_C_LANGUAGE_STANDARD = gnu11;
				GCC_NO_COMMON_BLOCKS = YES;
				GCC_WARN_64_TO_32_BIT_CONVERSION = YES;
				GCC_WARN_ABOUT_RETURN_TYPE = YES_ERROR;
				GCC_WARN_UNDECLARED_SELECTOR = YES;
				GCC_WARN_UNINITIALIZED_AUTOS = YES_AGGRESSIVE;
				GCC_WARN_UNUSED_FUNCTION = YES;
				GCC_WARN_UNUSED_VARIABLE = YES;
				MACOSX_DEPLOYMENT_TARGET = 14.0;
				MTL_ENABLE_DEBUG_INFO = NO;
				MTL_FAST_MATH = YES;
				PRODUCT_NAME = "$(TARGET_NAME)";
				SDKROOT = macosx;
				SWIFT_COMPILATION_MODE = wholemodule;
				SWIFT_OPTIMIZATION_LEVEL = "-O";
				SWIFT_VERSION = 5.0;
			};
			name = Release;
		};
/* End XCBuildConfiguration section */

/* Begin XCConfigurationList section */
		42A1B15EDB114EE5A50898E4 /* Build configuration list for PBXProject "Launcher" */ = {
			isa = XCConfigurationList;
			buildConfigurations = (
				C3017D820FA3B4D8479CCE5F /* Debug */,
				C9658F4120D66F5D1FCA7770 /* Release */,
			);
			defaultConfigurationIsVisible = 0;
			defaultConfigurationName = Debug;
		};
		4BC17BEBE460700731584CEB /* Build configuration list for PBXNativeTarget "LauncherTests" */ = {
			isa = XCConfigurationList;
			buildConfigurations = (
				341A95B9793F3EABC69CB2F1 /* Debug */,
				524B642317FFBE0FAC42EB97 /* Release */,
			);
			defaultConfigurationIsVisible = 0;
			defaultConfigurationName = Debug;
		};
		51D843AEC1B3AA8378285E44 /* Build configuration list for PBXNativeTarget "LauncherUITests" */ = {
			isa = XCConfigurationList;
			buildConfigurations = (
				0994DF494892C33F37AEC454 /* Debug */,
				53F6711FD6D355E6792D47DD /* Release */,
			);
			defaultConfigurationIsVisible = 0;
			defaultConfigurationName = Debug;
		};
		9326841A41DA4DB91FE20E68 /* Build configuration list for PBXNativeTarget "Launcher" */ = {
			isa = XCConfigurationList;
			buildConfigurations = (
				C3ECA683330E8F9762FA25E0 /* Debug */,
				1FB8E526CFE6F8F79DB09FAE /* Release */,
			);
			defaultConfigurationIsVisible = 0;
			defaultConfigurationName = Debug;
		};
/* End XCConfigurationList section */
	};
	rootObject = E4F391DA61B0612FDBF03A95 /* Project object */;
}
