{
  "originHash" : "2058347af5f390dbd3163cfddf4826188d073e296b593c660c6de19dd912dd1e",
  "pins" : [
    {
      "identity" : "libghostty-spm",
      "kind" : "remoteSourceControl",
      "location" : "https://github.com/stevemurr/libghostty-spm",
      "state" : {
        "revision" : "ca4cffd668f958e1fe5da9cbf31f460f3ba01533"
      }
    },
    {
      "identity" : "msdisplaylink",
      "kind" : "remoteSourceControl",
      "location" : "https://github.com/Lakr233/MSDisplayLink.git",
      "state" : {
        "revision" : "87eb0af130744c8cbe2e31b6e1a5bcd659f1c220",
        "version" : "2.2.0"
      }
    }
  ],
  "version" : 3
}
